
Microsoft Visual Studio Solution File, Format Version 12.00
# Visual Studio Version 16
VisualStudioVersion = 16.0.30011.22
MinimumVisualStudioVersion = 10.0.40219.1
Project("{9A19103F-16F7-4668-BE54-9A1E7A4F7556}") = "Bank", "Bank\Bank.csproj", "{B303ACAA-73C1-481D-ADD2-B6CC73514F59}"
EndProject
Project("{FAE04EC0-301F-11D3-BF4B-00C04F79EFBC}") = "BankUnitTests", "BankUnitTests\BankUnitTests.csproj", "{8DB535D3-3D09-47F1-B7C8-18F508C028EE}"
EndProject
Global
	GlobalSection(SolutionConfigurationPlatforms) = preSolution
		Debug|Any CPU = Debug|Any CPU
		Release|Any CPU = Release|Any CPU
	EndGlobalSection
	GlobalSection(ProjectConfigurationPlatforms) = postSolution
		{B303ACAA-73C1-481D-ADD2-B6CC73514F59}.Debug|Any CPU.ActiveCfg = Debug|Any CPU
		{B303ACAA-73C1-481D-ADD2-B6CC73514F59}.Debug|Any CPU.Build.0 = Debug|Any CPU
		{B303ACAA-73C1-481D-ADD2-B6CC73514F59}.Release|Any CPU.ActiveCfg = Release|Any CPU
		{B303ACAA-73C1-481D-ADD2-B6CC73514F59}.Release|Any CPU.Build.0 = Release|Any CPU
		{8DB535D3-3D09-47F1-B7C8-18F508C028EE}.Debug|Any CPU.ActiveCfg = Debug|Any CPU
		{8DB535D3-3D09-47F1-B7C8-18F508C028EE}.Debug|Any CPU.Build.0 = Debug|Any CPU
		{8DB535D3-3D09-47F1-B7C8-18F508C028EE}.Release|Any CPU.ActiveCfg = Release|Any CPU
		{8DB535D3-3D09-47F1-B7C8-18F508C028EE}.Release|Any CPU.Build.0 = Release|Any CPU
	EndGlobalSection
	GlobalSection(SolutionProperties) = preSolution
		HideSolutionNode = FALSE
	EndGlobalSection
	GlobalSection(ExtensibilityGlobals) = postSolution
		SolutionGuid = {0CD433B8-C655-41CF-AC55-F26636143B15}
	EndGlobalSection
EndGlobal
